
Microsoft Visual Studio Solution File, Format Version 11.00
# Visual Studio 2010
Project("{FAE04EC0-301F-11D3-BF4B-00C04F79EFBC}") = "UnityEngine.TestRunner", "UnityEngine.TestRunner.csproj", "{dce13b2d-0d9b-49d6-4d8b-242faf4d18cd}"
EndProject
Project("{FAE04EC0-301F-11D3-BF4B-00C04F79EFBC}") = "UnityEngine.UI", "UnityEngine.UI.csproj", "{e5e4dbff-516a-5b31-3e8c-be86eef8c33d}"
EndProject
Project("{FAE04EC0-301F-11D3-BF4B-00C04F79EFBC}") = "Unity.VisualScripting.Flow", "Unity.VisualScripting.Flow.csproj", "{f661dc8c-c09b-914b-8ff3-24a95c4179ad}"
EndProject
Project("{FAE04EC0-301F-11D3-BF4B-00C04F79EFBC}") = "Unity.Mathematics", "Unity.Mathematics.csproj", "{dfcd4b25-78e8-a89a-bdec-a6ba47e8c6ca}"
EndProject
Project("{FAE04EC0-301F-11D3-BF4B-00C04F79EFBC}") = "Unity.VisualScripting.State", "Unity.VisualScripting.State.csproj", "{cd13fe6e-902b-1fcf-5ae0-5c11388aa763}"
EndProject
Project("{FAE04EC0-301F-11D3-BF4B-00C04F79EFBC}") = "Unity.VisualScripting.Core", "Unity.VisualScripting.Core.csproj", "{08014d08-9846-3a8a-f853-b807b04be8a4}"
EndProject
Project("{FAE04EC0-301F-11D3-BF4B-00C04F79EFBC}") = "Unity.Burst", "Unity.Burst.csproj", "{b6c4e637-ddcc-b378-a098-766308e708db}"
EndProject
Project("{FAE04EC0-301F-11D3-BF4B-00C04F79EFBC}") = "Unity.2D.Animation.Runtime", "Unity.2D.Animation.Runtime.csproj", "{8fafbc22-d2b8-3211-257a-893016d7973e}"
EndProject
Project("{FAE04EC0-301F-11D3-BF4B-00C04F79EFBC}") = "Unity.TextMeshPro", "Unity.TextMeshPro.csproj", "{b31fea34-dd44-dd63-e450-3f6a683c4e61}"
EndProject
Project("{FAE04EC0-301F-11D3-BF4B-00C04F79EFBC}") = "Unity.Timeline", "Unity.Timeline.csproj", "{4c1a40c2-d38a-4f9d-270c-b4577f70abc6}"
EndProject
Project("{FAE04EC0-301F-11D3-BF4B-00C04F79EFBC}") = "Assembly-CSharp", "Assembly-CSharp.csproj", "{2373925f-fe77-9826-496b-8eb29f12e13d}"
EndProject
Project("{FAE04EC0-301F-11D3-BF4B-00C04F79EFBC}") = "Unity.2D.SpriteShape.Runtime", "Unity.2D.SpriteShape.Runtime.csproj", "{31cbd5c0-5c52-ceec-075c-61b43b8af8bb}"
EndProject
Project("{FAE04EC0-301F-11D3-BF4B-00C04F79EFBC}") = "Unity.2D.PixelPerfect", "Unity.2D.PixelPerfect.csproj", "{e3fb1015-42c9-2bec-3647-6ff9d6e16e79}"
EndProject
Project("{FAE04EC0-301F-11D3-BF4B-00C04F79EFBC}") = "Unity.2D.Common.Runtime", "Unity.2D.Common.Runtime.csproj", "{c67e78b7-c923-24b7-cc4f-5406fa73d0fa}"
EndProject
Project("{FAE04EC0-301F-11D3-BF4B-00C04F79EFBC}") = "Unity.2D.IK.Runtime", "Unity.2D.IK.Runtime.csproj", "{1e550e3c-1238-c10c-9e33-b048ff6274bd}"
EndProject
Project("{FAE04EC0-301F-11D3-BF4B-00C04F79EFBC}") = "Unity.2D.Tilemap.Extras", "Unity.2D.Tilemap.Extras.csproj", "{5a683c43-7e14-9fd5-3e81-ae6d5bc5f5cc}"
EndProject
Project("{FAE04EC0-301F-11D3-BF4B-00C04F79EFBC}") = "Unity.InternalAPIEngineBridge.001", "Unity.InternalAPIEngineBridge.001.csproj", "{c20b5a84-2cc7-799c-9c55-3f87f5fd63f3}"
EndProject
Project("{FAE04EC0-301F-11D3-BF4B-00C04F79EFBC}") = "Unity.PlasticSCM.Editor", "Unity.PlasticSCM.Editor.csproj", "{d303ffd9-daf7-1ded-3f1a-b5fe3869fe34}"
EndProject
Project("{FAE04EC0-301F-11D3-BF4B-00C04F79EFBC}") = "Unity.VisualScripting.Core.Editor", "Unity.VisualScripting.Core.Editor.csproj", "{8c55f385-b3d1-8adc-e8e8-20e754fd0db6}"
EndProject
Project("{FAE04EC0-301F-11D3-BF4B-00C04F79EFBC}") = "Unity.VisualScripting.Flow.Editor", "Unity.VisualScripting.Flow.Editor.csproj", "{39387b00-55b3-6e0a-f2b5-8fa9392893cd}"
EndProject
Project("{FAE04EC0-301F-11D3-BF4B-00C04F79EFBC}") = "Unity.VisualStudio.Editor", "Unity.VisualStudio.Editor.csproj", "{6190fb5b-4898-0fcf-9f54-c2f4feb6d004}"
EndProject
Project("{FAE04EC0-301F-11D3-BF4B-00C04F79EFBC}") = "Unity.Timeline.Editor", "Unity.Timeline.Editor.csproj", "{6c9983ce-2dc8-eaa3-b4a6-9b296944d111}"
EndProject
Project("{FAE04EC0-301F-11D3-BF4B-00C04F79EFBC}") = "Unity.VisualScripting.State.Editor", "Unity.VisualScripting.State.Editor.csproj", "{2d344cf1-2021-2e86-42c2-6c1d0538e0e3}"
EndProject
Project("{FAE04EC0-301F-11D3-BF4B-00C04F79EFBC}") = "Unity.TextMeshPro.Editor", "Unity.TextMeshPro.Editor.csproj", "{79cc3d7d-c202-4304-c90b-c05c1e9ac364}"
EndProject
Project("{FAE04EC0-301F-11D3-BF4B-00C04F79EFBC}") = "Unity.2D.PixelPerfect.Editor", "Unity.2D.PixelPerfect.Editor.csproj", "{7db4a1cb-d300-8e9e-599b-4513e135e426}"
EndProject
Project("{FAE04EC0-301F-11D3-BF4B-00C04F79EFBC}") = "Unity.2D.Animation.Editor", "Unity.2D.Animation.Editor.csproj", "{22bbca55-765e-fb78-3253-0735e4fe7e12}"
EndProject
Project("{FAE04EC0-301F-11D3-BF4B-00C04F79EFBC}") = "Unity.VisualScripting.SettingsProvider.Editor", "Unity.VisualScripting.SettingsProvider.Editor.csproj", "{158fb06b-c84b-69b3-ab08-ecb41bf5506c}"
EndProject
Project("{FAE04EC0-301F-11D3-BF4B-00C04F79EFBC}") = "Unity.2D.Psdimporter.Editor", "Unity.2D.Psdimporter.Editor.csproj", "{c4e86930-d2f9-8dea-aa17-ae3775fa779e}"
EndProject
Project("{FAE04EC0-301F-11D3-BF4B-00C04F79EFBC}") = "UnityEditor.TestRunner", "UnityEditor.TestRunner.csproj", "{8de3391e-2f57-2f03-6605-f89d483236ca}"
EndProject
Project("{FAE04EC0-301F-11D3-BF4B-00C04F79EFBC}") = "Unity.2D.Tilemap.Editor", "Unity.2D.Tilemap.Editor.csproj", "{0924fa08-b293-ae3e-78bd-f2eceefaee5b}"
EndProject
Project("{FAE04EC0-301F-11D3-BF4B-00C04F79EFBC}") = "Unity.Rider.Editor", "Unity.Rider.Editor.csproj", "{8000b007-58d2-6a9e-cdc2-64e4789d2929}"
EndProject
Project("{FAE04EC0-301F-11D3-BF4B-00C04F79EFBC}") = "Unity.2D.Path.Editor", "Unity.2D.Path.Editor.csproj", "{ccadf08b-22cd-e145-290a-454d390f7d18}"
EndProject
Project("{FAE04EC0-301F-11D3-BF4B-00C04F79EFBC}") = "PsdPlugin", "PsdPlugin.csproj", "{2b716235-2078-8e97-a45c-6c836881c34d}"
EndProject
Project("{FAE04EC0-301F-11D3-BF4B-00C04F79EFBC}") = "Unity.2D.IK.Editor", "Unity.2D.IK.Editor.csproj", "{4a1871e5-e35a-3f56-fc7d-e67b6c9e1295}"
EndProject
Project("{FAE04EC0-301F-11D3-BF4B-00C04F79EFBC}") = "Unity.2D.SpriteShape.Editor", "Unity.2D.SpriteShape.Editor.csproj", "{14d14bd8-716e-f0a1-5d8c-bdf15e193b57}"
EndProject
Project("{FAE04EC0-301F-11D3-BF4B-00C04F79EFBC}") = "Unity.Burst.CodeGen", "Unity.Burst.CodeGen.csproj", "{86ba8184-5ef5-a262-a519-af03d4d9c027}"
EndProject
Project("{FAE04EC0-301F-11D3-BF4B-00C04F79EFBC}") = "Unity.VSCode.Editor", "Unity.VSCode.Editor.csproj", "{b9f191a6-3903-a3cb-b744-16097aaddf90}"
EndProject
Project("{FAE04EC0-301F-11D3-BF4B-00C04F79EFBC}") = "Unity.2D.Sprite.Editor", "Unity.2D.Sprite.Editor.csproj", "{89b6ec90-d1d6-ba7b-84aa-058b004aae57}"
EndProject
Project("{FAE04EC0-301F-11D3-BF4B-00C04F79EFBC}") = "UnityEditor.UI", "UnityEditor.UI.csproj", "{e79d1c67-40ed-27ca-2924-95cc9d3fd079}"
EndProject
Project("{FAE04EC0-301F-11D3-BF4B-00C04F79EFBC}") = "Unity.2D.Common.Editor", "Unity.2D.Common.Editor.csproj", "{dbe1a356-58f8-4eee-dbb0-2291ccafa9ab}"
EndProject
Project("{FAE04EC0-301F-11D3-BF4B-00C04F79EFBC}") = "Unity.CollabProxy.Editor", "Unity.CollabProxy.Editor.csproj", "{e64d56b7-14a0-41e3-2c1b-9f225b1ac212}"
EndProject
Project("{FAE04EC0-301F-11D3-BF4B-00C04F79EFBC}") = "Unity.Mathematics.Editor", "Unity.Mathematics.Editor.csproj", "{8c287d2b-f758-ca8e-b51a-9b42ffcd99c3}"
EndProject
Project("{FAE04EC0-301F-11D3-BF4B-00C04F79EFBC}") = "Unity.2D.Tilemap.Extras.Editor", "Unity.2D.Tilemap.Extras.Editor.csproj", "{63812025-c207-3c1b-cd0b-bdfcfbe362a6}"
EndProject
Project("{FAE04EC0-301F-11D3-BF4B-00C04F79EFBC}") = "Unity.Burst.Editor", "Unity.Burst.Editor.csproj", "{9376f3cb-6749-dc77-5eee-208156969ec0}"
EndProject
Project("{FAE04EC0-301F-11D3-BF4B-00C04F79EFBC}") = "Unity.InternalAPIEditorBridge.001", "Unity.InternalAPIEditorBridge.001.csproj", "{0e0cbdde-c287-a067-f60d-0335df1f9e4e}"
EndProject
Project("{FAE04EC0-301F-11D3-BF4B-00C04F79EFBC}") = "Unity.VisualScripting.Shared.Editor", "Unity.VisualScripting.Shared.Editor.csproj", "{14216e93-ca25-a14e-fa3b-9919b06f9e11}"
EndProject
Global
	GlobalSection(SolutionConfigurationPlatforms) = preSolution
		Debug|Any CPU = Debug|Any CPU
	EndGlobalSection
	GlobalSection(ProjectConfigurationPlatforms) = postSolution
		{dce13b2d-0d9b-49d6-4d8b-242faf4d18cd}.Debug|Any CPU.ActiveCfg = Debug|Any CPU
		{dce13b2d-0d9b-49d6-4d8b-242faf4d18cd}.Debug|Any CPU.Build.0 = Debug|Any CPU
		{e5e4dbff-516a-5b31-3e8c-be86eef8c33d}.Debug|Any CPU.ActiveCfg = Debug|Any CPU
		{e5e4dbff-516a-5b31-3e8c-be86eef8c33d}.Debug|Any CPU.Build.0 = Debug|Any CPU
		{f661dc8c-c09b-914b-8ff3-24a95c4179ad}.Debug|Any CPU.ActiveCfg = Debug|Any CPU
		{f661dc8c-c09b-914b-8ff3-24a95c4179ad}.Debug|Any CPU.Build.0 = Debug|Any CPU
		{dfcd4b25-78e8-a89a-bdec-a6ba47e8c6ca}.Debug|Any CPU.ActiveCfg = Debug|Any CPU
		{dfcd4b25-78e8-a89a-bdec-a6ba47e8c6ca}.Debug|Any CPU.Build.0 = Debug|Any CPU
		{cd13fe6e-902b-1fcf-5ae0-5c11388aa763}.Debug|Any CPU.ActiveCfg = Debug|Any CPU
		{cd13fe6e-902b-1fcf-5ae0-5c11388aa763}.Debug|Any CPU.Build.0 = Debug|Any CPU
		{08014d08-9846-3a8a-f853-b807b04be8a4}.Debug|Any CPU.ActiveCfg = Debug|Any CPU
		{08014d08-9846-3a8a-f853-b807b04be8a4}.Debug|Any CPU.Build.0 = Debug|Any CPU
		{b6c4e637-ddcc-b378-a098-766308e708db}.Debug|Any CPU.ActiveCfg = Debug|Any CPU
		{b6c4e637-ddcc-b378-a098-766308e708db}.Debug|Any CPU.Build.0 = Debug|Any CPU
		{8fafbc22-d2b8-3211-257a-893016d7973e}.Debug|Any CPU.ActiveCfg = Debug|Any CPU
		{8fafbc22-d2b8-3211-257a-893016d7973e}.Debug|Any CPU.Build.0 = Debug|Any CPU
		{b31fea34-dd44-dd63-e450-3f6a683c4e61}.Debug|Any CPU.ActiveCfg = Debug|Any CPU
		{b31fea34-dd44-dd63-e450-3f6a683c4e61}.Debug|Any CPU.Build.0 = Debug|Any CPU
		{4c1a40c2-d38a-4f9d-270c-b4577f70abc6}.Debug|Any CPU.ActiveCfg = Debug|Any CPU
		{4c1a40c2-d38a-4f9d-270c-b4577f70abc6}.Debug|Any CPU.Build.0 = Debug|Any CPU
		{2373925f-fe77-9826-496b-8eb29f12e13d}.Debug|Any CPU.ActiveCfg = Debug|Any CPU
		{2373925f-fe77-9826-496b-8eb29f12e13d}.Debug|Any CPU.Build.0 = Debug|Any CPU
		{31cbd5c0-5c52-ceec-075c-61b43b8af8bb}.Debug|Any CPU.ActiveCfg = Debug|Any CPU
		{31cbd5c0-5c52-ceec-075c-61b43b8af8bb}.Debug|Any CPU.Build.0 = Debug|Any CPU
		{e3fb1015-42c9-2bec-3647-6ff9d6e16e79}.Debug|Any CPU.ActiveCfg = Debug|Any CPU
		{e3fb1015-42c9-2bec-3647-6ff9d6e16e79}.Debug|Any CPU.Build.0 = Debug|Any CPU
		{c67e78b7-c923-24b7-cc4f-5406fa73d0fa}.Debug|Any CPU.ActiveCfg = Debug|Any CPU
		{c67e78b7-c923-24b7-cc4f-5406fa73d0fa}.Debug|Any CPU.Build.0 = Debug|Any CPU
		{1e550e3c-1238-c10c-9e33-b048ff6274bd}.Debug|Any CPU.ActiveCfg = Debug|Any CPU
		{1e550e3c-1238-c10c-9e33-b048ff6274bd}.Debug|Any CPU.Build.0 = Debug|Any CPU
		{5a683c43-7e14-9fd5-3e81-ae6d5bc5f5cc}.Debug|Any CPU.ActiveCfg = Debug|Any CPU
		{5a683c43-7e14-9fd5-3e81-ae6d5bc5f5cc}.Debug|Any CPU.Build.0 = Debug|Any CPU
		{c20b5a84-2cc7-799c-9c55-3f87f5fd63f3}.Debug|Any CPU.ActiveCfg = Debug|Any CPU
		{c20b5a84-2cc7-799c-9c55-3f87f5fd63f3}.Debug|Any CPU.Build.0 = Debug|Any CPU
		{d303ffd9-daf7-1ded-3f1a-b5fe3869fe34}.Debug|Any CPU.ActiveCfg = Debug|Any CPU
		{d303ffd9-daf7-1ded-3f1a-b5fe3869fe34}.Debug|Any CPU.Build.0 = Debug|Any CPU
		{8c55f385-b3d1-8adc-e8e8-20e754fd0db6}.Debug|Any CPU.ActiveCfg = Debug|Any CPU
		{8c55f385-b3d1-8adc-e8e8-20e754fd0db6}.Debug|Any CPU.Build.0 = Debug|Any CPU
		{39387b00-55b3-6e0a-f2b5-8fa9392893cd}.Debug|Any CPU.ActiveCfg = Debug|Any CPU
		{39387b00-55b3-6e0a-f2b5-8fa9392893cd}.Debug|Any CPU.Build.0 = Debug|Any CPU
		{6190fb5b-4898-0fcf-9f54-c2f4feb6d004}.Debug|Any CPU.ActiveCfg = Debug|Any CPU
		{6190fb5b-4898-0fcf-9f54-c2f4feb6d004}.Debug|Any CPU.Build.0 = Debug|Any CPU
		{6c9983ce-2dc8-eaa3-b4a6-9b296944d111}.Debug|Any CPU.ActiveCfg = Debug|Any CPU
		{6c9983ce-2dc8-eaa3-b4a6-9b296944d111}.Debug|Any CPU.Build.0 = Debug|Any CPU
		{2d344cf1-2021-2e86-42c2-6c1d0538e0e3}.Debug|Any CPU.ActiveCfg = Debug|Any CPU
		{2d344cf1-2021-2e86-42c2-6c1d0538e0e3}.Debug|Any CPU.Build.0 = Debug|Any CPU
		{79cc3d7d-c202-4304-c90b-c05c1e9ac364}.Debug|Any CPU.ActiveCfg = Debug|Any CPU
		{79cc3d7d-c202-4304-c90b-c05c1e9ac364}.Debug|Any CPU.Build.0 = Debug|Any CPU
		{7db4a1cb-d300-8e9e-599b-4513e135e426}.Debug|Any CPU.ActiveCfg = Debug|Any CPU
		{7db4a1cb-d300-8e9e-599b-4513e135e426}.Debug|Any CPU.Build.0 = Debug|Any CPU
		{22bbca55-765e-fb78-3253-0735e4fe7e12}.Debug|Any CPU.ActiveCfg = Debug|Any CPU
		{22bbca55-765e-fb78-3253-0735e4fe7e12}.Debug|Any CPU.Build.0 = Debug|Any CPU
		{158fb06b-c84b-69b3-ab08-ecb41bf5506c}.Debug|Any CPU.ActiveCfg = Debug|Any CPU
		{158fb06b-c84b-69b3-ab08-ecb41bf5506c}.Debug|Any CPU.Build.0 = Debug|Any CPU
		{c4e86930-d2f9-8dea-aa17-ae3775fa779e}.Debug|Any CPU.ActiveCfg = Debug|Any CPU
		{c4e86930-d2f9-8dea-aa17-ae3775fa779e}.Debug|Any CPU.Build.0 = Debug|Any CPU
		{8de3391e-2f57-2f03-6605-f89d483236ca}.Debug|Any CPU.ActiveCfg = Debug|Any CPU
		{8de3391e-2f57-2f03-6605-f89d483236ca}.Debug|Any CPU.Build.0 = Debug|Any CPU
		{0924fa08-b293-ae3e-78bd-f2eceefaee5b}.Debug|Any CPU.ActiveCfg = Debug|Any CPU
		{0924fa08-b293-ae3e-78bd-f2eceefaee5b}.Debug|Any CPU.Build.0 = Debug|Any CPU
		{8000b007-58d2-6a9e-cdc2-64e4789d2929}.Debug|Any CPU.ActiveCfg = Debug|Any CPU
		{8000b007-58d2-6a9e-cdc2-64e4789d2929}.Debug|Any CPU.Build.0 = Debug|Any CPU
		{ccadf08b-22cd-e145-290a-454d390f7d18}.Debug|Any CPU.ActiveCfg = Debug|Any CPU
		{ccadf08b-22cd-e145-290a-454d390f7d18}.Debug|Any CPU.Build.0 = Debug|Any CPU
		{2b716235-2078-8e97-a45c-6c836881c34d}.Debug|Any CPU.ActiveCfg = Debug|Any CPU
		{2b716235-2078-8e97-a45c-6c836881c34d}.Debug|Any CPU.Build.0 = Debug|Any CPU
		{4a1871e5-e35a-3f56-fc7d-e67b6c9e1295}.Debug|Any CPU.ActiveCfg = Debug|Any CPU
		{4a1871e5-e35a-3f56-fc7d-e67b6c9e1295}.Debug|Any CPU.Build.0 = Debug|Any CPU
		{14d14bd8-716e-f0a1-5d8c-bdf15e193b57}.Debug|Any CPU.ActiveCfg = Debug|Any CPU
		{14d14bd8-716e-f0a1-5d8c-bdf15e193b57}.Debug|Any CPU.Build.0 = Debug|Any CPU
		{86ba8184-5ef5-a262-a519-af03d4d9c027}.Debug|Any CPU.ActiveCfg = Debug|Any CPU
		{86ba8184-5ef5-a262-a519-af03d4d9c027}.Debug|Any CPU.Build.0 = Debug|Any CPU
		{b9f191a6-3903-a3cb-b744-16097aaddf90}.Debug|Any CPU.ActiveCfg = Debug|Any CPU
		{b9f191a6-3903-a3cb-b744-16097aaddf90}.Debug|Any CPU.Build.0 = Debug|Any CPU
		{89b6ec90-d1d6-ba7b-84aa-058b004aae57}.Debug|Any CPU.ActiveCfg = Debug|Any CPU
		{89b6ec90-d1d6-ba7b-84aa-058b004aae57}.Debug|Any CPU.Build.0 = Debug|Any CPU
		{e79d1c67-40ed-27ca-2924-95cc9d3fd079}.Debug|Any CPU.ActiveCfg = Debug|Any CPU
		{e79d1c67-40ed-27ca-2924-95cc9d3fd079}.Debug|Any CPU.Build.0 = Debug|Any CPU
		{dbe1a356-58f8-4eee-dbb0-2291ccafa9ab}.Debug|Any CPU.ActiveCfg = Debug|Any CPU
		{dbe1a356-58f8-4eee-dbb0-2291ccafa9ab}.Debug|Any CPU.Build.0 = Debug|Any CPU
		{e64d56b7-14a0-41e3-2c1b-9f225b1ac212}.Debug|Any CPU.ActiveCfg = Debug|Any CPU
		{e64d56b7-14a0-41e3-2c1b-9f225b1ac212}.Debug|Any CPU.Build.0 = Debug|Any CPU
		{8c287d2b-f758-ca8e-b51a-9b42ffcd99c3}.Debug|Any CPU.ActiveCfg = Debug|Any CPU
		{8c287d2b-f758-ca8e-b51a-9b42ffcd99c3}.Debug|Any CPU.Build.0 = Debug|Any CPU
		{63812025-c207-3c1b-cd0b-bdfcfbe362a6}.Debug|Any CPU.ActiveCfg = Debug|Any CPU
		{63812025-c207-3c1b-cd0b-bdfcfbe362a6}.Debug|Any CPU.Build.0 = Debug|Any CPU
		{9376f3cb-6749-dc77-5eee-208156969ec0}.Debug|Any CPU.ActiveCfg = Debug|Any CPU
		{9376f3cb-6749-dc77-5eee-208156969ec0}.Debug|Any CPU.Build.0 = Debug|Any CPU
		{0e0cbdde-c287-a067-f60d-0335df1f9e4e}.Debug|Any CPU.ActiveCfg = Debug|Any CPU
		{0e0cbdde-c287-a067-f60d-0335df1f9e4e}.Debug|Any CPU.Build.0 = Debug|Any CPU
		{14216e93-ca25-a14e-fa3b-9919b06f9e11}.Debug|Any CPU.ActiveCfg = Debug|Any CPU
		{14216e93-ca25-a14e-fa3b-9919b06f9e11}.Debug|Any CPU.Build.0 = Debug|Any CPU
	EndGlobalSection
	GlobalSection(SolutionProperties) = preSolution
		HideSolutionNode = FALSE
	EndGlobalSection
EndGlobal
